
Microsoft Visual Studio Solution File, Format Version 12.00
# Visual Studio 15
VisualStudioVersion = 15.0.28307.329
MinimumVisualStudioVersion = 10.0.40219.1
Project("{FAE04EC0-301F-11D3-BF4B-00C04F79EFBC}") = "RankedPlaylistLoader", "RankedPlaylistLoader\RankedPlaylistLoader.csproj", "{301EBB8E-D169-4175-BD94-44BA9E9F909F}"
EndProject
Global
	GlobalSection(SolutionConfigurationPlatforms) = preSolution
		Debug|Any CPU = Debug|Any CPU
		Release|Any CPU = Release|Any CPU
	EndGlobalSection
	GlobalSection(ProjectConfigurationPlatforms) = postSolution
		{301EBB8E-D169-4175-BD94-44BA9E9F909F}.Debug|Any CPU.ActiveCfg = Debug|Any CPU
		{301EBB8E-D169-4175-BD94-44BA9E9F909F}.Debug|Any CPU.Build.0 = Debug|Any CPU
		{301EBB8E-D169-4175-BD94-44BA9E9F909F}.Release|Any CPU.ActiveCfg = Release|Any CPU
		{301EBB8E-D169-4175-BD94-44BA9E9F909F}.Release|Any CPU.Build.0 = Release|Any CPU
	EndGlobalSection
	GlobalSection(SolutionProperties) = preSolution
		HideSolutionNode = FALSE
	EndGlobalSection
	GlobalSection(ExtensibilityGlobals) = postSolution
		SolutionGuid = {E24C2EE8-E060-4EDD-A658-85A1132B28E9}
	EndGlobalSection
EndGlobal
